
Microsoft Visual Studio Solution File, Format Version 12.00
# Visual Studio Version 17
VisualStudioVersion = 17.8.34511.84
MinimumVisualStudioVersion = 10.0.40219.1
Project("{FAE04EC0-301F-11D3-BF4B-00C04F79EFBC}") = "TemplateWeb.API", "TemplateWeb.API\TemplateWeb.API.csproj", "{C18CFC4B-4093-4FEE-B2AD-466E5F670308}"
EndProject
Project("{FAE04EC0-301F-11D3-BF4B-00C04F79EFBC}") = "TemplateWeb.BL", "TemplateWeb.BL\TemplateWeb.BL.csproj", "{C6730A61-6F8B-4DD4-B0EE-3E32D9A6F378}"
EndProject
Project("{FAE04EC0-301F-11D3-BF4B-00C04F79EFBC}") = "TemplateWeb.DAL", "TemplateWeb.DAL\TemplateWeb.DAL.csproj", "{B2BE1657-9EEB-4430-836D-D6AEE47B94C1}"
EndProject
Global
	GlobalSection(SolutionConfigurationPlatforms) = preSolution
		Debug|Any CPU = Debug|Any CPU
		Release|Any CPU = Release|Any CPU
	EndGlobalSection
	GlobalSection(ProjectConfigurationPlatforms) = postSolution
		{C18CFC4B-4093-4FEE-B2AD-466E5F670308}.Debug|Any CPU.ActiveCfg = Debug|Any CPU
		{C18CFC4B-4093-4FEE-B2AD-466E5F670308}.Debug|Any CPU.Build.0 = Debug|Any CPU
		{C18CFC4B-4093-4FEE-B2AD-466E5F670308}.Release|Any CPU.ActiveCfg = Release|Any CPU
		{C18CFC4B-4093-4FEE-B2AD-466E5F670308}.Release|Any CPU.Build.0 = Release|Any CPU
		{C6730A61-6F8B-4DD4-B0EE-3E32D9A6F378}.Debug|Any CPU.ActiveCfg = Debug|Any CPU
		{C6730A61-6F8B-4DD4-B0EE-3E32D9A6F378}.Debug|Any CPU.Build.0 = Debug|Any CPU
		{C6730A61-6F8B-4DD4-B0EE-3E32D9A6F378}.Release|Any CPU.ActiveCfg = Release|Any CPU
		{C6730A61-6F8B-4DD4-B0EE-3E32D9A6F378}.Release|Any CPU.Build.0 = Release|Any CPU
		{B2BE1657-9EEB-4430-836D-D6AEE47B94C1}.Debug|Any CPU.ActiveCfg = Debug|Any CPU
		{B2BE1657-9EEB-4430-836D-D6AEE47B94C1}.Debug|Any CPU.Build.0 = Debug|Any CPU
		{B2BE1657-9EEB-4430-836D-D6AEE47B94C1}.Release|Any CPU.ActiveCfg = Release|Any CPU
		{B2BE1657-9EEB-4430-836D-D6AEE47B94C1}.Release|Any CPU.Build.0 = Release|Any CPU
	EndGlobalSection
	GlobalSection(SolutionProperties) = preSolution
		HideSolutionNode = FALSE
	EndGlobalSection
	GlobalSection(ExtensibilityGlobals) = postSolution
		SolutionGuid = {6BF70299-C5C0-440A-98DC-830FF10B8C64}
	EndGlobalSection
EndGlobal
